
Microsoft Visual Studio Solution File, Format Version 12.00
# Visual Studio Version 16
VisualStudioVersion = 16.0.31702.278
MinimumVisualStudioVersion = 10.0.40219.1
Project("{FAE04EC0-301F-11D3-BF4B-00C04F79EFBC}") = "SimpleCalculator", "SimpleCalculator\SimpleCalculator.csproj", "{0D5428D6-2978-47AE-96AF-0DF7C3A5E62A}"
EndProject
Global
	GlobalSection(SolutionConfigurationPlatforms) = preSolution
		Debug|Any CPU = Debug|Any CPU
		Release|Any CPU = Release|Any CPU
	EndGlobalSection
	GlobalSection(ProjectConfigurationPlatforms) = postSolution
		{0D5428D6-2978-47AE-96AF-0DF7C3A5E62A}.Debug|Any CPU.ActiveCfg = Debug|Any CPU
		{0D5428D6-2978-47AE-96AF-0DF7C3A5E62A}.Debug|Any CPU.Build.0 = Debug|Any CPU
		{0D5428D6-2978-47AE-96AF-0DF7C3A5E62A}.Release|Any CPU.ActiveCfg = Release|Any CPU
		{0D5428D6-2978-47AE-96AF-0DF7C3A5E62A}.Release|Any CPU.Build.0 = Release|Any CPU
	EndGlobalSection
	GlobalSection(SolutionProperties) = preSolution
		HideSolutionNode = FALSE
	EndGlobalSection
	GlobalSection(ExtensibilityGlobals) = postSolution
		SolutionGuid = {575A1FF0-506D-4177-BF3A-D43B8AE2CCC6}
	EndGlobalSection
EndGlobal
