
Microsoft Visual Studio Solution File, Format Version 12.00
# Visual Studio Version 16
VisualStudioVersion = 16.0.31702.278
MinimumVisualStudioVersion = 10.0.40219.1
Project("{FAE04EC0-301F-11D3-BF4B-00C04F79EFBC}") = "Form1", "Form1\Form1.csproj", "{AC9824B4-5A95-49BB-99A4-39EC739B1CFC}"
EndProject
Global
	GlobalSection(SolutionConfigurationPlatforms) = preSolution
		Debug|Any CPU = Debug|Any CPU
		Release|Any CPU = Release|Any CPU
	EndGlobalSection
	GlobalSection(ProjectConfigurationPlatforms) = postSolution
		{AC9824B4-5A95-49BB-99A4-39EC739B1CFC}.Debug|Any CPU.ActiveCfg = Debug|Any CPU
		{AC9824B4-5A95-49BB-99A4-39EC739B1CFC}.Debug|Any CPU.Build.0 = Debug|Any CPU
		{AC9824B4-5A95-49BB-99A4-39EC739B1CFC}.Release|Any CPU.ActiveCfg = Release|Any CPU
		{AC9824B4-5A95-49BB-99A4-39EC739B1CFC}.Release|Any CPU.Build.0 = Release|Any CPU
	EndGlobalSection
	GlobalSection(SolutionProperties) = preSolution
		HideSolutionNode = FALSE
	EndGlobalSection
	GlobalSection(ExtensibilityGlobals) = postSolution
		SolutionGuid = {27A985F3-8677-4DCA-830F-F0DD3759F983}
	EndGlobalSection
EndGlobal
