
Microsoft Visual Studio Solution File, Format Version 12.00
# Visual Studio Version 16
VisualStudioVersion = 16.0.31702.278
MinimumVisualStudioVersion = 10.0.40219.1
Project("{FAE04EC0-301F-11D3-BF4B-00C04F79EFBC}") = "myfirstApp", "myfirstApp\myfirstApp.csproj", "{30C76F99-FED8-4EEC-8ECF-90FDABC1238B}"
EndProject
Global
	GlobalSection(SolutionConfigurationPlatforms) = preSolution
		Debug|Any CPU = Debug|Any CPU
		Release|Any CPU = Release|Any CPU
	EndGlobalSection
	GlobalSection(ProjectConfigurationPlatforms) = postSolution
		{30C76F99-FED8-4EEC-8ECF-90FDABC1238B}.Debug|Any CPU.ActiveCfg = Debug|Any CPU
		{30C76F99-FED8-4EEC-8ECF-90FDABC1238B}.Debug|Any CPU.Build.0 = Debug|Any CPU
		{30C76F99-FED8-4EEC-8ECF-90FDABC1238B}.Release|Any CPU.ActiveCfg = Release|Any CPU
		{30C76F99-FED8-4EEC-8ECF-90FDABC1238B}.Release|Any CPU.Build.0 = Release|Any CPU
	EndGlobalSection
	GlobalSection(SolutionProperties) = preSolution
		HideSolutionNode = FALSE
	EndGlobalSection
	GlobalSection(ExtensibilityGlobals) = postSolution
		SolutionGuid = {AE15B05A-1AB4-4143-9D74-9CB6A29BC213}
	EndGlobalSection
EndGlobal
