
Microsoft Visual Studio Solution File, Format Version 12.00
# Visual Studio Version 16
VisualStudioVersion = 16.0.31702.278
MinimumVisualStudioVersion = 10.0.40219.1
Project("{FAE04EC0-301F-11D3-BF4B-00C04F79EFBC}") = "CruelGames", "CruelGames\CruelGames.csproj", "{FA3E0898-5ADB-44B3-8F8C-2D0FA3BF2067}"
EndProject
Global
	GlobalSection(SolutionConfigurationPlatforms) = preSolution
		Debug|Any CPU = Debug|Any CPU
		Release|Any CPU = Release|Any CPU
	EndGlobalSection
	GlobalSection(ProjectConfigurationPlatforms) = postSolution
		{FA3E0898-5ADB-44B3-8F8C-2D0FA3BF2067}.Debug|Any CPU.ActiveCfg = Debug|Any CPU
		{FA3E0898-5ADB-44B3-8F8C-2D0FA3BF2067}.Debug|Any CPU.Build.0 = Debug|Any CPU
		{FA3E0898-5ADB-44B3-8F8C-2D0FA3BF2067}.Release|Any CPU.ActiveCfg = Release|Any CPU
		{FA3E0898-5ADB-44B3-8F8C-2D0FA3BF2067}.Release|Any CPU.Build.0 = Release|Any CPU
	EndGlobalSection
	GlobalSection(SolutionProperties) = preSolution
		HideSolutionNode = FALSE
	EndGlobalSection
	GlobalSection(ExtensibilityGlobals) = postSolution
		SolutionGuid = {8002B4F0-67FA-424F-B61C-D3D66DE7BE48}
	EndGlobalSection
EndGlobal
