
Microsoft Visual Studio Solution File, Format Version 12.00
# Visual Studio Version 16
VisualStudioVersion = 16.0.31702.278
MinimumVisualStudioVersion = 10.0.40219.1
Project("{FAE04EC0-301F-11D3-BF4B-00C04F79EFBC}") = "ShowdDigits", "ShowdDigits\ShowdDigits.csproj", "{DE92E381-C263-4D1D-A09B-1FE226F305E8}"
EndProject
Global
	GlobalSection(SolutionConfigurationPlatforms) = preSolution
		Debug|Any CPU = Debug|Any CPU
		Release|Any CPU = Release|Any CPU
	EndGlobalSection
	GlobalSection(ProjectConfigurationPlatforms) = postSolution
		{DE92E381-C263-4D1D-A09B-1FE226F305E8}.Debug|Any CPU.ActiveCfg = Debug|Any CPU
		{DE92E381-C263-4D1D-A09B-1FE226F305E8}.Debug|Any CPU.Build.0 = Debug|Any CPU
		{DE92E381-C263-4D1D-A09B-1FE226F305E8}.Release|Any CPU.ActiveCfg = Release|Any CPU
		{DE92E381-C263-4D1D-A09B-1FE226F305E8}.Release|Any CPU.Build.0 = Release|Any CPU
	EndGlobalSection
	GlobalSection(SolutionProperties) = preSolution
		HideSolutionNode = FALSE
	EndGlobalSection
	GlobalSection(ExtensibilityGlobals) = postSolution
		SolutionGuid = {B6D86B0D-A9CA-4F90-82CA-C3EBFA18712A}
	EndGlobalSection
EndGlobal
